// !$*UTF8*$!
{
	archiveVersion = 1;
	classes = {
	};
	objectVersion = 46;
	objects = {

/* Begin PBXBuildFile section */
		A621AEFC1B46CDD800D31A7A /* SFObjectSwift.h in Headers */ = {isa = PBXBuildFile; fileRef = A621AEFB1B46CDD800D31A7A /* SFObjectSwift.h */; settings = {ATTRIBUTES = (Public, ); }; };
		A621AF021B46CDD800D31A7A /* SFObjectSwift.framework in Frameworks */ = {isa = PBXBuildFile; fileRef = A621AEF61B46CDD800D31A7A /* SFObjectSwift.framework */; };
		A621AF091B46CDD800D31A7A /* SFObjectSwiftTests.swift in Sources */ = {isa = PBXBuildFile; fileRef = A621AF081B46CDD800D31A7A /* SFObjectSwiftTests.swift */; };
		A621AF181B46D20A00D31A7A /* Alamofire.framework in Frameworks */ = {isa = PBXBuildFile; fileRef = A621AF121B46D20A00D31A7A /* Alamofire.framework */; };
		A621AF191B46D20A00D31A7A /* Box.framework in Frameworks */ = {isa = PBXBuildFile; fileRef = A621AF131B46D20A00D31A7A /* Box.framework */; };
		A621AF1A1B46D20A00D31A7A /* OAuthSwift.framework in Frameworks */ = {isa = PBXBuildFile; fileRef = A621AF141B46D20A00D31A7A /* OAuthSwift.framework */; };
		A621AF1B1B46D20A00D31A7A /* Result.framework in Frameworks */ = {isa = PBXBuildFile; fileRef = A621AF151B46D20A00D31A7A /* Result.framework */; };
		A621AF1D1B46D20A00D31A7A /* SwiftyJSON.framework in Frameworks */ = {isa = PBXBuildFile; fileRef = A621AF171B46D20A00D31A7A /* SwiftyJSON.framework */; };
		A621AF231B493F1200D31A7A /* SObjectProtocol.swift in Sources */ = {isa = PBXBuildFile; fileRef = A621AF221B493F1200D31A7A /* SObjectProtocol.swift */; };
		A621AF291B49412300D31A7A /* Const.swift in Sources */ = {isa = PBXBuildFile; fileRef = A621AF281B49412300D31A7A /* Const.swift */; };
		A621AF351B494E4000D31A7A /* Service.swift in Sources */ = {isa = PBXBuildFile; fileRef = A621AF341B494E4000D31A7A /* Service.swift */; };
		A621AF371B494E7600D31A7A /* Client.swift in Sources */ = {isa = PBXBuildFile; fileRef = A621AF361B494E7600D31A7A /* Client.swift */; };
		A621AF391B4954BE00D31A7A /* ResponseParserProtocol.swift in Sources */ = {isa = PBXBuildFile; fileRef = A621AF381B4954BE00D31A7A /* ResponseParserProtocol.swift */; };
		A621AF3B1B49550400D31A7A /* CreateResponseParser.swift in Sources */ = {isa = PBXBuildFile; fileRef = A621AF3A1B49550400D31A7A /* CreateResponseParser.swift */; };
		A621AF3D1B49560800D31A7A /* QueryResponseParser.swift in Sources */ = {isa = PBXBuildFile; fileRef = A621AF3C1B49560800D31A7A /* QueryResponseParser.swift */; };
		A6F1296E1B4AD7C10025B8AC /* SFOAuth.framework in Frameworks */ = {isa = PBXBuildFile; fileRef = A6F1296D1B4AD7C10025B8AC /* SFOAuth.framework */; };
/* End PBXBuildFile section */

/* Begin PBXContainerItemProxy section */
		A621AF031B46CDD800D31A7A /* PBXContainerItemProxy */ = {
			isa = PBXContainerItemProxy;
			containerPortal = A621AEED1B46CDD800D31A7A /* Project object */;
			proxyType = 1;
			remoteGlobalIDString = A621AEF51B46CDD800D31A7A;
			remoteInfo = SFObjectSwift;
		};
/* End PBXContainerItemProxy section */

/* Begin PBXFileReference section */
		A621AEF61B46CDD800D31A7A /* SFObjectSwift.framework */ = {isa = PBXFileReference; explicitFileType = wrapper.framework; includeInIndex = 0; path = SFObjectSwift.framework; sourceTree = BUILT_PRODUCTS_DIR; };
		A621AEFA1B46CDD800D31A7A /* Info.plist */ = {isa = PBXFileReference; lastKnownFileType = text.plist.xml; path = Info.plist; sourceTree = "<group>"; };
		A621AEFB1B46CDD800D31A7A /* SFObjectSwift.h */ = {isa = PBXFileReference; lastKnownFileType = sourcecode.c.h; path = SFObjectSwift.h; sourceTree = "<group>"; };
		A621AF011B46CDD800D31A7A /* SFObjectSwiftTests.xctest */ = {isa = PBXFileReference; explicitFileType = wrapper.cfbundle; includeInIndex = 0; path = SFObjectSwiftTests.xctest; sourceTree = BUILT_PRODUCTS_DIR; };
		A621AF071B46CDD800D31A7A /* Info.plist */ = {isa = PBXFileReference; lastKnownFileType = text.plist.xml; path = Info.plist; sourceTree = "<group>"; };
		A621AF081B46CDD800D31A7A /* SFObjectSwiftTests.swift */ = {isa = PBXFileReference; lastKnownFileType = sourcecode.swift; path = SFObjectSwiftTests.swift; sourceTree = "<group>"; };
		A621AF121B46D20A00D31A7A /* Alamofire.framework */ = {isa = PBXFileReference; lastKnownFileType = wrapper.framework; name = Alamofire.framework; path = Carthage/Build/iOS/Alamofire.framework; sourceTree = "<group>"; };
		A621AF131B46D20A00D31A7A /* Box.framework */ = {isa = PBXFileReference; lastKnownFileType = wrapper.framework; name = Box.framework; path = Carthage/Build/iOS/Box.framework; sourceTree = "<group>"; };
		A621AF141B46D20A00D31A7A /* OAuthSwift.framework */ = {isa = PBXFileReference; lastKnownFileType = wrapper.framework; name = OAuthSwift.framework; path = Carthage/Build/iOS/OAuthSwift.framework; sourceTree = "<group>"; };
		A621AF151B46D20A00D31A7A /* Result.framework */ = {isa = PBXFileReference; lastKnownFileType = wrapper.framework; name = Result.framework; path = Carthage/Build/iOS/Result.framework; sourceTree = "<group>"; };
		A621AF171B46D20A00D31A7A /* SwiftyJSON.framework */ = {isa = PBXFileReference; lastKnownFileType = wrapper.framework; name = SwiftyJSON.framework; path = Carthage/Build/iOS/SwiftyJSON.framework; sourceTree = "<group>"; };
		A621AF221B493F1200D31A7A /* SObjectProtocol.swift */ = {isa = PBXFileReference; fileEncoding = 4; lastKnownFileType = sourcecode.swift; path = SObjectProtocol.swift; sourceTree = "<group>"; };
		A621AF281B49412300D31A7A /* Const.swift */ = {isa = PBXFileReference; fileEncoding = 4; lastKnownFileType = sourcecode.swift; path = Const.swift; sourceTree = "<group>"; };
		A621AF341B494E4000D31A7A /* Service.swift */ = {isa = PBXFileReference; fileEncoding = 4; lastKnownFileType = sourcecode.swift; path = Service.swift; sourceTree = "<group>"; };
		A621AF361B494E7600D31A7A /* Client.swift */ = {isa = PBXFileReference; fileEncoding = 4; lastKnownFileType = sourcecode.swift; path = Client.swift; sourceTree = "<group>"; };
		A621AF381B4954BE00D31A7A /* ResponseParserProtocol.swift */ = {isa = PBXFileReference; fileEncoding = 4; lastKnownFileType = sourcecode.swift; path = ResponseParserProtocol.swift; sourceTree = "<group>"; };
		A621AF3A1B49550400D31A7A /* CreateResponseParser.swift */ = {isa = PBXFileReference; fileEncoding = 4; lastKnownFileType = sourcecode.swift; path = CreateResponseParser.swift; sourceTree = "<group>"; };
		A621AF3C1B49560800D31A7A /* QueryResponseParser.swift */ = {isa = PBXFileReference; fileEncoding = 4; lastKnownFileType = sourcecode.swift; path = QueryResponseParser.swift; sourceTree = "<group>"; };
		A6F1296D1B4AD7C10025B8AC /* SFOAuth.framework */ = {isa = PBXFileReference; lastKnownFileType = wrapper.framework; name = SFOAuth.framework; path = Carthage/Build/iOS/SFOAuth.framework; sourceTree = "<group>"; };
/* End PBXFileReference section */

/* Begin PBXFrameworksBuildPhase section */
		A621AEF21B46CDD800D31A7A /* Frameworks */ = {
			isa = PBXFrameworksBuildPhase;
			buildActionMask = 2147483647;
			files = (
				A6F1296E1B4AD7C10025B8AC /* SFOAuth.framework in Frameworks */,
				A621AF181B46D20A00D31A7A /* Alamofire.framework in Frameworks */,
				A621AF191B46D20A00D31A7A /* Box.framework in Frameworks */,
				A621AF1A1B46D20A00D31A7A /* OAuthSwift.framework in Frameworks */,
				A621AF1B1B46D20A00D31A7A /* Result.framework in Frameworks */,
				A621AF1D1B46D20A00D31A7A /* SwiftyJSON.framework in Frameworks */,
			);
			runOnlyForDeploymentPostprocessing = 0;
		};
		A621AEFE1B46CDD800D31A7A /* Frameworks */ = {
			isa = PBXFrameworksBuildPhase;
			buildActionMask = 2147483647;
			files = (
				A621AF021B46CDD800D31A7A /* SFObjectSwift.framework in Frameworks */,
			);
			runOnlyForDeploymentPostprocessing = 0;
		};
/* End PBXFrameworksBuildPhase section */

/* Begin PBXGroup section */
		A621AEEC1B46CDD800D31A7A = {
			isa = PBXGroup;
			children = (
				A6F1296D1B4AD7C10025B8AC /* SFOAuth.framework */,
				A621AF121B46D20A00D31A7A /* Alamofire.framework */,
				A621AF131B46D20A00D31A7A /* Box.framework */,
				A621AF141B46D20A00D31A7A /* OAuthSwift.framework */,
				A621AF151B46D20A00D31A7A /* Result.framework */,
				A621AF171B46D20A00D31A7A /* SwiftyJSON.framework */,
				A621AEF81B46CDD800D31A7A /* SFObjectSwift */,
				A621AF051B46CDD800D31A7A /* SFObjectSwiftTests */,
				A621AEF71B46CDD800D31A7A /* Products */,
			);
			sourceTree = "<group>";
		};
		A621AEF71B46CDD800D31A7A /* Products */ = {
			isa = PBXGroup;
			children = (
				A621AEF61B46CDD800D31A7A /* SFObjectSwift.framework */,
				A621AF011B46CDD800D31A7A /* SFObjectSwiftTests.xctest */,
			);
			name = Products;
			sourceTree = "<group>";
		};
		A621AEF81B46CDD800D31A7A /* SFObjectSwift */ = {
			isa = PBXGroup;
			children = (
				A621AEFB1B46CDD800D31A7A /* SFObjectSwift.h */,
				A621AF281B49412300D31A7A /* Const.swift */,
				A621AF341B494E4000D31A7A /* Service.swift */,
				A621AF361B494E7600D31A7A /* Client.swift */,
				A621AF3A1B49550400D31A7A /* CreateResponseParser.swift */,
				A621AF3C1B49560800D31A7A /* QueryResponseParser.swift */,
				A621AF381B4954BE00D31A7A /* ResponseParserProtocol.swift */,
				A621AF221B493F1200D31A7A /* SObjectProtocol.swift */,
				A621AEF91B46CDD800D31A7A /* Supporting Files */,
			);
			path = SFObjectSwift;
			sourceTree = "<group>";
		};
		A621AEF91B46CDD800D31A7A /* Supporting Files */ = {
			isa = PBXGroup;
			children = (
				A621AEFA1B46CDD800D31A7A /* Info.plist */,
			);
			name = "Supporting Files";
			sourceTree = "<group>";
		};
		A621AF051B46CDD800D31A7A /* SFObjectSwiftTests */ = {
			isa = PBXGroup;
			children = (
				A621AF081B46CDD800D31A7A /* SFObjectSwiftTests.swift */,
				A621AF061B46CDD800D31A7A /* Supporting Files */,
			);
			path = SFObjectSwiftTests;
			sourceTree = "<group>";
		};
		A621AF061B46CDD800D31A7A /* Supporting Files */ = {
			isa = PBXGroup;
			children = (
				A621AF071B46CDD800D31A7A /* Info.plist */,
			);
			name = "Supporting Files";
			sourceTree = "<group>";
		};
/* End PBXGroup section */

/* Begin PBXHeadersBuildPhase section */
		A621AEF31B46CDD800D31A7A /* Headers */ = {
			isa = PBXHeadersBuildPhase;
			buildActionMask = 2147483647;
			files = (
				A621AEFC1B46CDD800D31A7A /* SFObjectSwift.h in Headers */,
			);
			runOnlyForDeploymentPostprocessing = 0;
		};
/* End PBXHeadersBuildPhase section */

/* Begin PBXNativeTarget section */
		A621AEF51B46CDD800D31A7A /* SFObjectSwift */ = {
			isa = PBXNativeTarget;
			buildConfigurationList = A621AF0C1B46CDD800D31A7A /* Build configuration list for PBXNativeTarget "SFObjectSwift" */;
			buildPhases = (
				A621AEF11B46CDD800D31A7A /* Sources */,
				A621AEF21B46CDD800D31A7A /* Frameworks */,
				A621AEF31B46CDD800D31A7A /* Headers */,
				A621AEF41B46CDD800D31A7A /* Resources */,
			);
			buildRules = (
			);
			dependencies = (
			);
			name = SFObjectSwift;
			productName = SFObjectSwift;
			productReference = A621AEF61B46CDD800D31A7A /* SFObjectSwift.framework */;
			productType = "com.apple.product-type.framework";
		};
		A621AF001B46CDD800D31A7A /* SFObjectSwiftTests */ = {
			isa = PBXNativeTarget;
			buildConfigurationList = A621AF0F1B46CDD800D31A7A /* Build configuration list for PBXNativeTarget "SFObjectSwiftTests" */;
			buildPhases = (
				A621AEFD1B46CDD800D31A7A /* Sources */,
				A621AEFE1B46CDD800D31A7A /* Frameworks */,
				A621AEFF1B46CDD800D31A7A /* Resources */,
			);
			buildRules = (
			);
			dependencies = (
				A621AF041B46CDD800D31A7A /* PBXTargetDependency */,
			);
			name = SFObjectSwiftTests;
			productName = SFObjectSwiftTests;
			productReference = A621AF011B46CDD800D31A7A /* SFObjectSwiftTests.xctest */;
			productType = "com.apple.product-type.bundle.unit-test";
		};
/* End PBXNativeTarget section */

/* Begin PBXProject section */
		A621AEED1B46CDD800D31A7A /* Project object */ = {
			isa = PBXProject;
			attributes = {
				LastSwiftUpdateCheck = 0700;
				LastUpgradeCheck = 0640;
				ORGANIZATIONNAME = "Miyake Akira";
				TargetAttributes = {
					A621AEF51B46CDD800D31A7A = {
						CreatedOnToolsVersion = 6.4;
					};
					A621AF001B46CDD800D31A7A = {
						CreatedOnToolsVersion = 6.4;
					};
				};
			};
			buildConfigurationList = A621AEF01B46CDD800D31A7A /* Build configuration list for PBXProject "SFObjectSwift" */;
			compatibilityVersion = "Xcode 3.2";
			developmentRegion = English;
			hasScannedForEncodings = 0;
			knownRegions = (
				en,
			);
			mainGroup = A621AEEC1B46CDD800D31A7A;
			productRefGroup = A621AEF71B46CDD800D31A7A /* Products */;
			projectDirPath = "";
			projectRoot = "";
			targets = (
				A621AEF51B46CDD800D31A7A /* SFObjectSwift */,
				A621AF001B46CDD800D31A7A /* SFObjectSwiftTests */,
			);
		};
/* End PBXProject section */

/* Begin PBXResourcesBuildPhase section */
		A621AEF41B46CDD800D31A7A /* Resources */ = {
			isa = PBXResourcesBuildPhase;
			buildActionMask = 2147483647;
			files = (
			);
			runOnlyForDeploymentPostprocessing = 0;
		};
		A621AEFF1B46CDD800D31A7A /* Resources */ = {
			isa = PBXResourcesBuildPhase;
			buildActionMask = 2147483647;
			files = (
			);
			runOnlyForDeploymentPostprocessing = 0;
		};
/* End PBXResourcesBuildPhase section */

/* Begin PBXSourcesBuildPhase section */
		A621AEF11B46CDD800D31A7A /* Sources */ = {
			isa = PBXSourcesBuildPhase;
			buildActionMask = 2147483647;
			files = (
				A621AF231B493F1200D31A7A /* SObjectProtocol.swift in Sources */,
				A621AF291B49412300D31A7A /* Const.swift in Sources */,
				A621AF3D1B49560800D31A7A /* QueryResponseParser.swift in Sources */,
				A621AF371B494E7600D31A7A /* Client.swift in Sources */,
				A621AF3B1B49550400D31A7A /* CreateResponseParser.swift in Sources */,
				A621AF391B4954BE00D31A7A /* ResponseParserProtocol.swift in Sources */,
				A621AF351B494E4000D31A7A /* Service.swift in Sources */,
			);
			runOnlyForDeploymentPostprocessing = 0;
		};
		A621AEFD1B46CDD800D31A7A /* Sources */ = {
			isa = PBXSourcesBuildPhase;
			buildActionMask = 2147483647;
			files = (
				A621AF091B46CDD800D31A7A /* SFObjectSwiftTests.swift in Sources */,
			);
			runOnlyForDeploymentPostprocessing = 0;
		};
/* End PBXSourcesBuildPhase section */

/* Begin PBXTargetDependency section */
		A621AF041B46CDD800D31A7A /* PBXTargetDependency */ = {
			isa = PBXTargetDependency;
			target = A621AEF51B46CDD800D31A7A /* SFObjectSwift */;
			targetProxy = A621AF031B46CDD800D31A7A /* PBXContainerItemProxy */;
		};
/* End PBXTargetDependency section */

/* Begin XCBuildConfiguration section */
		A621AF0A1B46CDD800D31A7A /* Debug */ = {
			isa = XCBuildConfiguration;
			buildSettings = {
				ALWAYS_SEARCH_USER_PATHS = NO;
				CLANG_CXX_LANGUAGE_STANDARD = "gnu++0x";
				CLANG_CXX_LIBRARY = "libc++";
				CLANG_ENABLE_MODULES = YES;
				CLANG_ENABLE_OBJC_ARC = YES;
				CLANG_WARN_BOOL_CONVERSION = YES;
				CLANG_WARN_CONSTANT_CONVERSION = YES;
				CLANG_WARN_DIRECT_OBJC_ISA_USAGE = YES_ERROR;
				CLANG_WARN_EMPTY_BODY = YES;
				CLANG_WARN_ENUM_CONVERSION = YES;
				CLANG_WARN_INT_CONVERSION = YES;
				CLANG_WARN_OBJC_ROOT_CLASS = YES_ERROR;
				CLANG_WARN_UNREACHABLE_CODE = YES;
				CLANG_WARN__DUPLICATE_METHOD_MATCH = YES;
				"CODE_SIGN_IDENTITY[sdk=iphoneos*]" = "iPhone Developer";
				COPY_PHASE_STRIP = NO;
				CURRENT_PROJECT_VERSION = 1;
				DEBUG_INFORMATION_FORMAT = "dwarf-with-dsym";
				ENABLE_STRICT_OBJC_MSGSEND = YES;
				GCC_C_LANGUAGE_STANDARD = gnu99;
				GCC_DYNAMIC_NO_PIC = NO;
				GCC_NO_COMMON_BLOCKS = YES;
				GCC_OPTIMIZATION_LEVEL = 0;
				GCC_PREPROCESSOR_DEFINITIONS = (
					"DEBUG=1",
					"$(inherited)",
				);
				GCC_SYMBOLS_PRIVATE_EXTERN = NO;
				GCC_WARN_64_TO_32_BIT_CONVERSION = YES;
				GCC_WARN_ABOUT_RETURN_TYPE = YES_ERROR;
				GCC_WARN_UNDECLARED_SELECTOR = YES;
				GCC_WARN_UNINITIALIZED_AUTOS = YES_AGGRESSIVE;
				GCC_WARN_UNUSED_FUNCTION = YES;
				GCC_WARN_UNUSED_VARIABLE = YES;
				IPHONEOS_DEPLOYMENT_TARGET = 8.4;
				MTL_ENABLE_DEBUG_INFO = YES;
				ONLY_ACTIVE_ARCH = YES;
				SDKROOT = iphoneos;
				SWIFT_OPTIMIZATION_LEVEL = "-Onone";
				TARGETED_DEVICE_FAMILY = "1,2";
				VERSIONING_SYSTEM = "apple-generic";
				VERSION_INFO_PREFIX = "";
			};
			name = Debug;
		};
		A621AF0B1B46CDD800D31A7A /* Release */ = {
			isa = XCBuildConfiguration;
			buildSettings = {
				ALWAYS_SEARCH_USER_PATHS = NO;
				CLANG_CXX_LANGUAGE_STANDARD = "gnu++0x";
				CLANG_CXX_LIBRARY = "libc++";
				CLANG_ENABLE_MODULES = YES;
				CLANG_ENABLE_OBJC_ARC = YES;
				CLANG_WARN_BOOL_CONVERSION = YES;
				CLANG_WARN_CONSTANT_CONVERSION = YES;
				CLANG_WARN_DIRECT_OBJC_ISA_USAGE = YES_ERROR;
				CLANG_WARN_EMPTY_BODY = YES;
				CLANG_WARN_ENUM_CONVERSION = YES;
				CLANG_WARN_INT_CONVERSION = YES;
				CLANG_WARN_OBJC_ROOT_CLASS = YES_ERROR;
				CLANG_WARN_UNREACHABLE_CODE = YES;
				CLANG_WARN__DUPLICATE_METHOD_MATCH = YES;
				"CODE_SIGN_IDENTITY[sdk=iphoneos*]" = "iPhone Developer";
				COPY_PHASE_STRIP = NO;
				CURRENT_PROJECT_VERSION = 1;
				DEBUG_INFORMATION_FORMAT = "dwarf-with-dsym";
				ENABLE_NS_ASSERTIONS = NO;
				ENABLE_STRICT_OBJC_MSGSEND = YES;
				GCC_C_LANGUAGE_STANDARD = gnu99;
				GCC_NO_COMMON_BLOCKS = YES;
				GCC_WARN_64_TO_32_BIT_CONVERSION = YES;
				GCC_WARN_ABOUT_RETURN_TYPE = YES_ERROR;
				GCC_WARN_UNDECLARED_SELECTOR = YES;
				GCC_WARN_UNINITIALIZED_AUTOS = YES_AGGRESSIVE;
				GCC_WARN_UNUSED_FUNCTION = YES;
				GCC_WARN_UNUSED_VARIABLE = YES;
				IPHONEOS_DEPLOYMENT_TARGET = 8.4;
				MTL_ENABLE_DEBUG_INFO = NO;
				SDKROOT = iphoneos;
				TARGETED_DEVICE_FAMILY = "1,2";
				VALIDATE_PRODUCT = YES;
				VERSIONING_SYSTEM = "apple-generic";
				VERSION_INFO_PREFIX = "";
			};
			name = Release;
		};
		A621AF0D1B46CDD800D31A7A /* Debug */ = {
			isa = XCBuildConfiguration;
			buildSettings = {
				CLANG_ENABLE_MODULES = YES;
				DEFINES_MODULE = YES;
				DYLIB_COMPATIBILITY_VERSION = 1;
				DYLIB_CURRENT_VERSION = 1;
				DYLIB_INSTALL_NAME_BASE = "@rpath";
				FRAMEWORK_SEARCH_PATHS = (
					"$(inherited)",
					"$(PROJECT_DIR)/Carthage/Build/iOS",
				);
				INFOPLIST_FILE = SFObjectSwift/Info.plist;
				INSTALL_PATH = "$(LOCAL_LIBRARY_DIR)/Frameworks";
				LD_RUNPATH_SEARCH_PATHS = "$(inherited) @executable_path/Frameworks @loader_path/Frameworks";
				PRODUCT_NAME = "$(TARGET_NAME)";
				SKIP_INSTALL = YES;
				SWIFT_OPTIMIZATION_LEVEL = "-Onone";
			};
			name = Debug;
		};
		A621AF0E1B46CDD800D31A7A /* Release */ = {
			isa = XCBuildConfiguration;
			buildSettings = {
				CLANG_ENABLE_MODULES = YES;
				DEFINES_MODULE = YES;
				DYLIB_COMPATIBILITY_VERSION = 1;
				DYLIB_CURRENT_VERSION = 1;
				DYLIB_INSTALL_NAME_BASE = "@rpath";
				FRAMEWORK_SEARCH_PATHS = (
					"$(inherited)",
					"$(PROJECT_DIR)/Carthage/Build/iOS",
				);
				INFOPLIST_FILE = SFObjectSwift/Info.plist;
				INSTALL_PATH = "$(LOCAL_LIBRARY_DIR)/Frameworks";
				LD_RUNPATH_SEARCH_PATHS = "$(inherited) @executable_path/Frameworks @loader_path/Frameworks";
				PRODUCT_NAME = "$(TARGET_NAME)";
				SKIP_INSTALL = YES;
			};
			name = Release;
		};
		A621AF101B46CDD800D31A7A /* Debug */ = {
			isa = XCBuildConfiguration;
			buildSettings = {
				FRAMEWORK_SEARCH_PATHS = (
					"$(SDKROOT)/Developer/Library/Frameworks",
					"$(inherited)",
				);
				GCC_PREPROCESSOR_DEFINITIONS = (
					"DEBUG=1",
					"$(inherited)",
				);
				INFOPLIST_FILE = SFObjectSwiftTests/Info.plist;
				LD_RUNPATH_SEARCH_PATHS = "$(inherited) @executable_path/Frameworks @loader_path/Frameworks";
				PRODUCT_NAME = "$(TARGET_NAME)";
			};
			name = Debug;
		};
		A621AF111B46CDD800D31A7A /* Release */ = {
			isa = XCBuildConfiguration;
			buildSettings = {
				FRAMEWORK_SEARCH_PATHS = (
					"$(SDKROOT)/Developer/Library/Frameworks",
					"$(inherited)",
				);
				INFOPLIST_FILE = SFObjectSwiftTests/Info.plist;
				LD_RUNPATH_SEARCH_PATHS = "$(inherited) @executable_path/Frameworks @loader_path/Frameworks";
				PRODUCT_NAME = "$(TARGET_NAME)";
			};
			name = Release;
		};
/* End XCBuildConfiguration section */

/* Begin XCConfigurationList section */
		A621AEF01B46CDD800D31A7A /* Build configuration list for PBXProject "SFObjectSwift" */ = {
			isa = XCConfigurationList;
			buildConfigurations = (
				A621AF0A1B46CDD800D31A7A /* Debug */,
				A621AF0B1B46CDD800D31A7A /* Release */,
			);
			defaultConfigurationIsVisible = 0;
			defaultConfigurationName = Release;
		};
		A621AF0C1B46CDD800D31A7A /* Build configuration list for PBXNativeTarget "SFObjectSwift" */ = {
			isa = XCConfigurationList;
			buildConfigurations = (
				A621AF0D1B46CDD800D31A7A /* Debug */,
				A621AF0E1B46CDD800D31A7A /* Release */,
			);
			defaultConfigurationIsVisible = 0;
			defaultConfigurationName = Release;
		};
		A621AF0F1B46CDD800D31A7A /* Build configuration list for PBXNativeTarget "SFObjectSwiftTests" */ = {
			isa = XCConfigurationList;
			buildConfigurations = (
				A621AF101B46CDD800D31A7A /* Debug */,
				A621AF111B46CDD800D31A7A /* Release */,
			);
			defaultConfigurationIsVisible = 0;
			defaultConfigurationName = Release;
		};
/* End XCConfigurationList section */
	};
	rootObject = A621AEED1B46CDD800D31A7A /* Project object */;
}
